
Microsoft Visual Studio Solution File, Format Version 12.00
# Visual Studio Version 16
VisualStudioVersion = 16.0.30804.86
MinimumVisualStudioVersion = 15.0.26124.0
Project("{9A19103F-16F7-4668-BE54-9A1E7A4F7556}") = "TheAuthIdp", "TheAuthIdp\TheAuthIdp.csproj", "{11A07072-026F-4F31-940C-4D7A6832F736}"
EndProject
Project("{FAE04EC0-301F-11D3-BF4B-00C04F79EFBC}") = "TheWebApi", "TheWebApi\TheWebApi.csproj", "{5B83E21C-4950-483F-A68F-8A04C93C44BA}"
EndProject
Project("{FAE04EC0-301F-11D3-BF4B-00C04F79EFBC}") = "TheWebMvc", "TheWebMvc\TheWebMvc.csproj", "{9A54EECA-44A5-4E7E-A47D-DDF932081BEA}"
EndProject
Global
	GlobalSection(SolutionConfigurationPlatforms) = preSolution
		Debug|Any CPU = Debug|Any CPU
		Debug|x64 = Debug|x64
		Debug|x86 = Debug|x86
		Release|Any CPU = Release|Any CPU
		Release|x64 = Release|x64
		Release|x86 = Release|x86
	EndGlobalSection
	GlobalSection(ProjectConfigurationPlatforms) = postSolution
		{11A07072-026F-4F31-940C-4D7A6832F736}.Debug|Any CPU.ActiveCfg = Debug|Any CPU
		{11A07072-026F-4F31-940C-4D7A6832F736}.Debug|Any CPU.Build.0 = Debug|Any CPU
		{11A07072-026F-4F31-940C-4D7A6832F736}.Debug|x64.ActiveCfg = Debug|Any CPU
		{11A07072-026F-4F31-940C-4D7A6832F736}.Debug|x64.Build.0 = Debug|Any CPU
		{11A07072-026F-4F31-940C-4D7A6832F736}.Debug|x86.ActiveCfg = Debug|Any CPU
		{11A07072-026F-4F31-940C-4D7A6832F736}.Debug|x86.Build.0 = Debug|Any CPU
		{11A07072-026F-4F31-940C-4D7A6832F736}.Release|Any CPU.ActiveCfg = Release|Any CPU
		{11A07072-026F-4F31-940C-4D7A6832F736}.Release|Any CPU.Build.0 = Release|Any CPU
		{11A07072-026F-4F31-940C-4D7A6832F736}.Release|x64.ActiveCfg = Release|Any CPU
		{11A07072-026F-4F31-940C-4D7A6832F736}.Release|x64.Build.0 = Release|Any CPU
		{11A07072-026F-4F31-940C-4D7A6832F736}.Release|x86.ActiveCfg = Release|Any CPU
		{11A07072-026F-4F31-940C-4D7A6832F736}.Release|x86.Build.0 = Release|Any CPU
		{5B83E21C-4950-483F-A68F-8A04C93C44BA}.Debug|Any CPU.ActiveCfg = Debug|Any CPU
		{5B83E21C-4950-483F-A68F-8A04C93C44BA}.Debug|Any CPU.Build.0 = Debug|Any CPU
		{5B83E21C-4950-483F-A68F-8A04C93C44BA}.Debug|x64.ActiveCfg = Debug|Any CPU
		{5B83E21C-4950-483F-A68F-8A04C93C44BA}.Debug|x64.Build.0 = Debug|Any CPU
		{5B83E21C-4950-483F-A68F-8A04C93C44BA}.Debug|x86.ActiveCfg = Debug|Any CPU
		{5B83E21C-4950-483F-A68F-8A04C93C44BA}.Debug|x86.Build.0 = Debug|Any CPU
		{5B83E21C-4950-483F-A68F-8A04C93C44BA}.Release|Any CPU.ActiveCfg = Release|Any CPU
		{5B83E21C-4950-483F-A68F-8A04C93C44BA}.Release|Any CPU.Build.0 = Release|Any CPU
		{5B83E21C-4950-483F-A68F-8A04C93C44BA}.Release|x64.ActiveCfg = Release|Any CPU
		{5B83E21C-4950-483F-A68F-8A04C93C44BA}.Release|x64.Build.0 = Release|Any CPU
		{5B83E21C-4950-483F-A68F-8A04C93C44BA}.Release|x86.ActiveCfg = Release|Any CPU
		{5B83E21C-4950-483F-A68F-8A04C93C44BA}.Release|x86.Build.0 = Release|Any CPU
		{9A54EECA-44A5-4E7E-A47D-DDF932081BEA}.Debug|Any CPU.ActiveCfg = Debug|Any CPU
		{9A54EECA-44A5-4E7E-A47D-DDF932081BEA}.Debug|Any CPU.Build.0 = Debug|Any CPU
		{9A54EECA-44A5-4E7E-A47D-DDF932081BEA}.Debug|x64.ActiveCfg = Debug|Any CPU
		{9A54EECA-44A5-4E7E-A47D-DDF932081BEA}.Debug|x64.Build.0 = Debug|Any CPU
		{9A54EECA-44A5-4E7E-A47D-DDF932081BEA}.Debug|x86.ActiveCfg = Debug|Any CPU
		{9A54EECA-44A5-4E7E-A47D-DDF932081BEA}.Debug|x86.Build.0 = Debug|Any CPU
		{9A54EECA-44A5-4E7E-A47D-DDF932081BEA}.Release|Any CPU.ActiveCfg = Release|Any CPU
		{9A54EECA-44A5-4E7E-A47D-DDF932081BEA}.Release|Any CPU.Build.0 = Release|Any CPU
		{9A54EECA-44A5-4E7E-A47D-DDF932081BEA}.Release|x64.ActiveCfg = Release|Any CPU
		{9A54EECA-44A5-4E7E-A47D-DDF932081BEA}.Release|x64.Build.0 = Release|Any CPU
		{9A54EECA-44A5-4E7E-A47D-DDF932081BEA}.Release|x86.ActiveCfg = Release|Any CPU
		{9A54EECA-44A5-4E7E-A47D-DDF932081BEA}.Release|x86.Build.0 = Release|Any CPU
	EndGlobalSection
	GlobalSection(SolutionProperties) = preSolution
		HideSolutionNode = FALSE
	EndGlobalSection
	GlobalSection(ExtensibilityGlobals) = postSolution
		SolutionGuid = {F16C6816-1F20-444D-AAE6-5539C92A1C8F}
	EndGlobalSection
EndGlobal
